
Microsoft Visual Studio Solution File, Format Version 12.00
# Visual Studio Version 16
VisualStudioVersion = 16.0.31005.135
MinimumVisualStudioVersion = 10.0.40219.1
Project("{FAE04EC0-301F-11D3-BF4B-00C04F79EFBC}") = "M3Globo", "M3Globo\M3Globo.csproj", "{630E370E-9A00-43E2-A838-6BD906F61510}"
EndProject
Global
	GlobalSection(SolutionConfigurationPlatforms) = preSolution
		Debug|Any CPU = Debug|Any CPU
		Release|Any CPU = Release|Any CPU
	EndGlobalSection
	GlobalSection(ProjectConfigurationPlatforms) = postSolution
		{630E370E-9A00-43E2-A838-6BD906F61510}.Debug|Any CPU.ActiveCfg = Debug|Any CPU
		{630E370E-9A00-43E2-A838-6BD906F61510}.Debug|Any CPU.Build.0 = Debug|Any CPU
		{630E370E-9A00-43E2-A838-6BD906F61510}.Release|Any CPU.ActiveCfg = Release|Any CPU
		{630E370E-9A00-43E2-A838-6BD906F61510}.Release|Any CPU.Build.0 = Release|Any CPU
	EndGlobalSection
	GlobalSection(SolutionProperties) = preSolution
		HideSolutionNode = FALSE
	EndGlobalSection
	GlobalSection(ExtensibilityGlobals) = postSolution
		SolutionGuid = {3D169437-2781-437D-930F-726AB1C99FA0}
	EndGlobalSection
EndGlobal
